// !$*UTF8*$!
{
	archiveVersion = 1;
	classes = {
	};
	objectVersion = 46;
	objects = {

/* Begin PBXBuildFile section */
		330508F020B95C8600AA5E30 /* AppDelegate.swift in Sources */ = {isa = PBXBuildFile; fileRef = 330508EF20B95C8600AA5E30 /* AppDelegate.swift */; };
		330508F520B95C8600AA5E30 /* Main.storyboard in Resources */ = {isa = PBXBuildFile; fileRef = 330508F320B95C8600AA5E30 /* Main.storyboard */; };
		330508FA20B95C8600AA5E30 /* LaunchScreen.storyboard in Resources */ = {isa = PBXBuildFile; fileRef = 330508F820B95C8600AA5E30 /* LaunchScreen.storyboard */; };
		3305090220B9AAA400AA5E30 /* BezirkTableViewController.swift in Sources */ = {isa = PBXBuildFile; fileRef = 3305090120B9AAA400AA5E30 /* BezirkTableViewController.swift */; };
		3305090420B9AE4000AA5E30 /* DetailTableViewController.swift in Sources */ = {isa = PBXBuildFile; fileRef = 3305090320B9AE4000AA5E30 /* DetailTableViewController.swift */; };
		3305090620B9B8F400AA5E30 /* MapViewController.swift in Sources */ = {isa = PBXBuildFile; fileRef = 3305090520B9B8F400AA5E30 /* MapViewController.swift */; };
		337C0F3920BC1ACA00F54897 /* NetworkManager.swift in Sources */ = {isa = PBXBuildFile; fileRef = 337C0F3820BC1ACA00F54897 /* NetworkManager.swift */; };
		33F5E7A220BEEDAD00DAF08A /* Result.swift in Sources */ = {isa = PBXBuildFile; fileRef = 33F5E7A120BEEDAD00DAF08A /* Result.swift */; };
		33FA883820BEBB35003E786D /* Assets.xcassets in Resources */ = {isa = PBXBuildFile; fileRef = 33FA883720BEBB35003E786D /* Assets.xcassets */; };
/* End PBXBuildFile section */

/* Begin PBXFileReference section */
		330508EC20B95C8600AA5E30 /* Belegarbeit.app */ = {isa = PBXFileReference; explicitFileType = wrapper.application; includeInIndex = 0; path = Belegarbeit.app; sourceTree = BUILT_PRODUCTS_DIR; };
		330508EF20B95C8600AA5E30 /* AppDelegate.swift */ = {isa = PBXFileReference; lastKnownFileType = sourcecode.swift; path = AppDelegate.swift; sourceTree = "<group>"; };
		330508F420B95C8600AA5E30 /* Base */ = {isa = PBXFileReference; lastKnownFileType = file.storyboard; name = Base; path = Base.lproj/Main.storyboard; sourceTree = "<group>"; };
		330508F920B95C8600AA5E30 /* Base */ = {isa = PBXFileReference; lastKnownFileType = file.storyboard; name = Base; path = Base.lproj/LaunchScreen.storyboard; sourceTree = "<group>"; };
		330508FB20B95C8600AA5E30 /* Info.plist */ = {isa = PBXFileReference; lastKnownFileType = text.plist.xml; path = Info.plist; sourceTree = "<group>"; };
		3305090120B9AAA400AA5E30 /* BezirkTableViewController.swift */ = {isa = PBXFileReference; fileEncoding = 4; lastKnownFileType = sourcecode.swift; path = BezirkTableViewController.swift; sourceTree = "<group>"; };
		3305090320B9AE4000AA5E30 /* DetailTableViewController.swift */ = {isa = PBXFileReference; fileEncoding = 4; lastKnownFileType = sourcecode.swift; path = DetailTableViewController.swift; sourceTree = "<group>"; };
		3305090520B9B8F400AA5E30 /* MapViewController.swift */ = {isa = PBXFileReference; fileEncoding = 4; lastKnownFileType = sourcecode.swift; path = MapViewController.swift; sourceTree = "<group>"; };
		337C0F3820BC1ACA00F54897 /* NetworkManager.swift */ = {isa = PBXFileReference; lastKnownFileType = sourcecode.swift; path = NetworkManager.swift; sourceTree = "<group>"; };
		33F5E7A120BEEDAD00DAF08A /* Result.swift */ = {isa = PBXFileReference; lastKnownFileType = sourcecode.swift; path = Result.swift; sourceTree = "<group>"; };
		33FA883720BEBB35003E786D /* Assets.xcassets */ = {isa = PBXFileReference; lastKnownFileType = folder.assetcatalog; path = Assets.xcassets; sourceTree = "<group>"; };
/* End PBXFileReference section */

/* Begin PBXFrameworksBuildPhase section */
		330508E920B95C8600AA5E30 /* Frameworks */ = {
			isa = PBXFrameworksBuildPhase;
			buildActionMask = 2147483647;
			files = (
			);
			runOnlyForDeploymentPostprocessing = 0;
		};
/* End PBXFrameworksBuildPhase section */

/* Begin PBXGroup section */
		330508E320B95C8600AA5E30 = {
			isa = PBXGroup;
			children = (
				330508EE20B95C8600AA5E30 /* Belegarbeit */,
				330508ED20B95C8600AA5E30 /* Products */,
			);
			sourceTree = "<group>";
		};
		330508ED20B95C8600AA5E30 /* Products */ = {
			isa = PBXGroup;
			children = (
				330508EC20B95C8600AA5E30 /* Belegarbeit.app */,
			);
			name = Products;
			sourceTree = "<group>";
		};
		330508EE20B95C8600AA5E30 /* Belegarbeit */ = {
			isa = PBXGroup;
			children = (
				337C0F3720BC1A6000F54897 /* Service */,
				337C0F3620BC156400F54897 /* View */,
				337C0F3520BC155600F54897 /* Model */,
				337C0F3420BC153200F54897 /* Controller */,
				330508EF20B95C8600AA5E30 /* AppDelegate.swift */,
				330508FB20B95C8600AA5E30 /* Info.plist */,
				33FA883720BEBB35003E786D /* Assets.xcassets */,
			);
			path = Belegarbeit;
			sourceTree = "<group>";
		};
		337C0F3420BC153200F54897 /* Controller */ = {
			isa = PBXGroup;
			children = (
				3305090120B9AAA400AA5E30 /* BezirkTableViewController.swift */,
				3305090320B9AE4000AA5E30 /* DetailTableViewController.swift */,
				3305090520B9B8F400AA5E30 /* MapViewController.swift */,
			);
			path = Controller;
			sourceTree = "<group>";
		};
		337C0F3520BC155600F54897 /* Model */ = {
			isa = PBXGroup;
			children = (
				33F5E7A120BEEDAD00DAF08A /* Result.swift */,
			);
			path = Model;
			sourceTree = "<group>";
		};
		337C0F3620BC156400F54897 /* View */ = {
			isa = PBXGroup;
			children = (
				330508F320B95C8600AA5E30 /* Main.storyboard */,
				330508F820B95C8600AA5E30 /* LaunchScreen.storyboard */,
			);
			path = View;
			sourceTree = "<group>";
		};
		337C0F3720BC1A6000F54897 /* Service */ = {
			isa = PBXGroup;
			children = (
				337C0F3820BC1ACA00F54897 /* NetworkManager.swift */,
			);
			path = Service;
			sourceTree = "<group>";
		};
/* End PBXGroup section */

/* Begin PBXNativeTarget section */
		330508EB20B95C8600AA5E30 /* Belegarbeit */ = {
			isa = PBXNativeTarget;
			buildConfigurationList = 330508FE20B95C8600AA5E30 /* Build configuration list for PBXNativeTarget "Belegarbeit" */;
			buildPhases = (
				330508E820B95C8600AA5E30 /* Sources */,
				330508E920B95C8600AA5E30 /* Frameworks */,
				330508EA20B95C8600AA5E30 /* Resources */,
			);
			buildRules = (
			);
			dependencies = (
			);
			name = Belegarbeit;
			productName = Belegarbeit;
			productReference = 330508EC20B95C8600AA5E30 /* Belegarbeit.app */;
			productType = "com.apple.product-type.application";
		};
/* End PBXNativeTarget section */

/* Begin PBXProject section */
		330508E420B95C8600AA5E30 /* Project object */ = {
			isa = PBXProject;
			attributes = {
				LastSwiftUpdateCheck = 0830;
				LastUpgradeCheck = 0830;
				ORGANIZATIONNAME = Ali;
				TargetAttributes = {
					330508EB20B95C8600AA5E30 = {
						CreatedOnToolsVersion = 8.3;
						DevelopmentTeam = 76PGUQQHZ7;
						ProvisioningStyle = Automatic;
					};
				};
			};
			buildConfigurationList = 330508E720B95C8600AA5E30 /* Build configuration list for PBXProject "Belegarbeit" */;
			compatibilityVersion = "Xcode 3.2";
			developmentRegion = English;
			hasScannedForEncodings = 0;
			knownRegions = (
				en,
				Base,
			);
			mainGroup = 330508E320B95C8600AA5E30;
			productRefGroup = 330508ED20B95C8600AA5E30 /* Products */;
			projectDirPath = "";
			projectRoot = "";
			targets = (
				330508EB20B95C8600AA5E30 /* Belegarbeit */,
			);
		};
/* End PBXProject section */

/* Begin PBXResourcesBuildPhase section */
		330508EA20B95C8600AA5E30 /* Resources */ = {
			isa = PBXResourcesBuildPhase;
			buildActionMask = 2147483647;
			files = (
				330508FA20B95C8600AA5E30 /* LaunchScreen.storyboard in Resources */,
				33FA883820BEBB35003E786D /* Assets.xcassets in Resources */,
				330508F520B95C8600AA5E30 /* Main.storyboard in Resources */,
			);
			runOnlyForDeploymentPostprocessing = 0;
		};
/* End PBXResourcesBuildPhase section */

/* Begin PBXSourcesBuildPhase section */
		330508E820B95C8600AA5E30 /* Sources */ = {
			isa = PBXSourcesBuildPhase;
			buildActionMask = 2147483647;
			files = (
				33F5E7A220BEEDAD00DAF08A /* Result.swift in Sources */,
				3305090420B9AE4000AA5E30 /* DetailTableViewController.swift in Sources */,
				3305090220B9AAA400AA5E30 /* BezirkTableViewController.swift in Sources */,
				337C0F3920BC1ACA00F54897 /* NetworkManager.swift in Sources */,
				330508F020B95C8600AA5E30 /* AppDelegate.swift in Sources */,
				3305090620B9B8F400AA5E30 /* MapViewController.swift in Sources */,
			);
			runOnlyForDeploymentPostprocessing = 0;
		};
/* End PBXSourcesBuildPhase section */

/* Begin PBXVariantGroup section */
		330508F320B95C8600AA5E30 /* Main.storyboard */ = {
			isa = PBXVariantGroup;
			children = (
				330508F420B95C8600AA5E30 /* Base */,
			);
			name = Main.storyboard;
			sourceTree = "<group>";
		};
		330508F820B95C8600AA5E30 /* LaunchScreen.storyboard */ = {
			isa = PBXVariantGroup;
			children = (
				330508F920B95C8600AA5E30 /* Base */,
			);
			name = LaunchScreen.storyboard;
			sourceTree = "<group>";
		};
/* End PBXVariantGroup section */

/* Begin XCBuildConfiguration section */
		330508FC20B95C8600AA5E30 /* Debug */ = {
			isa = XCBuildConfiguration;
			buildSettings = {
				ALWAYS_SEARCH_USER_PATHS = NO;
				CLANG_ANALYZER_NONNULL = YES;
				CLANG_ANALYZER_NUMBER_OBJECT_CONVERSION = YES_AGGRESSIVE;
				CLANG_CXX_LANGUAGE_STANDARD = "gnu++0x";
				CLANG_CXX_LIBRARY = "libc++";
				CLANG_ENABLE_MODULES = YES;
				CLANG_ENABLE_OBJC_ARC = YES;
				CLANG_WARN_BOOL_CONVERSION = YES;
				CLANG_WARN_CONSTANT_CONVERSION = YES;
				CLANG_WARN_DIRECT_OBJC_ISA_USAGE = YES_ERROR;
				CLANG_WARN_DOCUMENTATION_COMMENTS = YES;
				CLANG_WARN_EMPTY_BODY = YES;
				CLANG_WARN_ENUM_CONVERSION = YES;
				CLANG_WARN_INFINITE_RECURSION = YES;
				CLANG_WARN_INT_CONVERSION = YES;
				CLANG_WARN_OBJC_ROOT_CLASS = YES_ERROR;
				CLANG_WARN_SUSPICIOUS_MOVE = YES;
				CLANG_WARN_UNREACHABLE_CODE = YES;
				CLANG_WARN__DUPLICATE_METHOD_MATCH = YES;
				"CODE_SIGN_IDENTITY[sdk=iphoneos*]" = "iPhone Developer";
				COPY_PHASE_STRIP = NO;
				DEBUG_INFORMATION_FORMAT = dwarf;
				ENABLE_STRICT_OBJC_MSGSEND = YES;
				ENABLE_TESTABILITY = YES;
				GCC_C_LANGUAGE_STANDARD = gnu99;
				GCC_DYNAMIC_NO_PIC = NO;
				GCC_NO_COMMON_BLOCKS = YES;
				GCC_OPTIMIZATION_LEVEL = 0;
				GCC_PREPROCESSOR_DEFINITIONS = (
					"DEBUG=1",
					"$(inherited)",
				);
				GCC_WARN_64_TO_32_BIT_CONVERSION = YES;
				GCC_WARN_ABOUT_RETURN_TYPE = YES_ERROR;
				GCC_WARN_UNDECLARED_SELECTOR = YES;
				GCC_WARN_UNINITIALIZED_AUTOS = YES_AGGRESSIVE;
				GCC_WARN_UNUSED_FUNCTION = YES;
				GCC_WARN_UNUSED_VARIABLE = YES;
				IPHONEOS_DEPLOYMENT_TARGET = 10.3;
				MTL_ENABLE_DEBUG_INFO = YES;
				ONLY_ACTIVE_ARCH = YES;
				SDKROOT = iphoneos;
				SWIFT_ACTIVE_COMPILATION_CONDITIONS = DEBUG;
				SWIFT_OPTIMIZATION_LEVEL = "-Onone";
			};
			name = Debug;
		};
		330508FD20B95C8600AA5E30 /* Release */ = {
			isa = XCBuildConfiguration;
			buildSettings = {
				ALWAYS_SEARCH_USER_PATHS = NO;
				CLANG_ANALYZER_NONNULL = YES;
				CLANG_ANALYZER_NUMBER_OBJECT_CONVERSION = YES_AGGRESSIVE;
				CLANG_CXX_LANGUAGE_STANDARD = "gnu++0x";
				CLANG_CXX_LIBRARY = "libc++";
				CLANG_ENABLE_MODULES = YES;
				CLANG_ENABLE_OBJC_ARC = YES;
				CLANG_WARN_BOOL_CONVERSION = YES;
				CLANG_WARN_CONSTANT_CONVERSION = YES;
				CLANG_WARN_DIRECT_OBJC_ISA_USAGE = YES_ERROR;
				CLANG_WARN_DOCUMENTATION_COMMENTS = YES;
				CLANG_WARN_EMPTY_BODY = YES;
				CLANG_WARN_ENUM_CONVERSION = YES;
				CLANG_WARN_INFINITE_RECURSION = YES;
				CLANG_WARN_INT_CONVERSION = YES;
				CLANG_WARN_OBJC_ROOT_CLASS = YES_ERROR;
				CLANG_WARN_SUSPICIOUS_MOVE = YES;
				CLANG_WARN_UNREACHABLE_CODE = YES;
				CLANG_WARN__DUPLICATE_METHOD_MATCH = YES;
				"CODE_SIGN_IDENTITY[sdk=iphoneos*]" = "iPhone Developer";
				COPY_PHASE_STRIP = NO;
				DEBUG_INFORMATION_FORMAT = "dwarf-with-dsym";
				ENABLE_NS_ASSERTIONS = NO;
				ENABLE_STRICT_OBJC_MSGSEND = YES;
				GCC_C_LANGUAGE_STANDARD = gnu99;
				GCC_NO_COMMON_BLOCKS = YES;
				GCC_WARN_64_TO_32_BIT_CONVERSION = YES;
				GCC_WARN_ABOUT_RETURN_TYPE = YES_ERROR;
				GCC_WARN_UNDECLARED_SELECTOR = YES;
				GCC_WARN_UNINITIALIZED_AUTOS = YES_AGGRESSIVE;
				GCC_WARN_UNUSED_FUNCTION = YES;
				GCC_WARN_UNUSED_VARIABLE = YES;
				IPHONEOS_DEPLOYMENT_TARGET = 10.3;
				MTL_ENABLE_DEBUG_INFO = NO;
				SDKROOT = iphoneos;
				SWIFT_OPTIMIZATION_LEVEL = "-Owholemodule";
				VALIDATE_PRODUCT = YES;
			};
			name = Release;
		};
		330508FF20B95C8600AA5E30 /* Debug */ = {
			isa = XCBuildConfiguration;
			buildSettings = {
				ASSETCATALOG_COMPILER_APPICON_NAME = AppIcon;
				DEVELOPMENT_TEAM = 76PGUQQHZ7;
				INFOPLIST_FILE = Belegarbeit/Info.plist;
				LD_RUNPATH_SEARCH_PATHS = "$(inherited) @executable_path/Frameworks";
				PRODUCT_BUNDLE_IDENTIFIER = com.AusgewaehlteKapitel.Belegarbeit;
				PRODUCT_NAME = "$(TARGET_NAME)";
				SWIFT_VERSION = 3.0;
			};
			name = Debug;
		};
		3305090020B95C8600AA5E30 /* Release */ = {
			isa = XCBuildConfiguration;
			buildSettings = {
				ASSETCATALOG_COMPILER_APPICON_NAME = AppIcon;
				DEVELOPMENT_TEAM = 76PGUQQHZ7;
				INFOPLIST_FILE = Belegarbeit/Info.plist;
				LD_RUNPATH_SEARCH_PATHS = "$(inherited) @executable_path/Frameworks";
				PRODUCT_BUNDLE_IDENTIFIER = com.AusgewaehlteKapitel.Belegarbeit;
				PRODUCT_NAME = "$(TARGET_NAME)";
				SWIFT_VERSION = 3.0;
			};
			name = Release;
		};
/* End XCBuildConfiguration section */

/* Begin XCConfigurationList section */
		330508E720B95C8600AA5E30 /* Build configuration list for PBXProject "Belegarbeit" */ = {
			isa = XCConfigurationList;
			buildConfigurations = (
				330508FC20B95C8600AA5E30 /* Debug */,
				330508FD20B95C8600AA5E30 /* Release */,
			);
			defaultConfigurationIsVisible = 0;
			defaultConfigurationName = Release;
		};
		330508FE20B95C8600AA5E30 /* Build configuration list for PBXNativeTarget "Belegarbeit" */ = {
			isa = XCConfigurationList;
			buildConfigurations = (
				330508FF20B95C8600AA5E30 /* Debug */,
				3305090020B95C8600AA5E30 /* Release */,
			);
			defaultConfigurationIsVisible = 0;
			defaultConfigurationName = Release;
		};
/* End XCConfigurationList section */
	};
	rootObject = 330508E420B95C8600AA5E30 /* Project object */;
}
